// !$*UTF8*$!
{
	archiveVersion = 1;
	classes = {
	};
	objectVersion = 46;
	objects = {

/* Begin PBXBuildFile section */
		5E4BF9BD2550126C00467A87 /* AEGP_SuiteHandler.cpp in Sources */ = {isa = PBXBuildFile; fileRef = D0FE579A0993C5E500139A60 /* AEGP_SuiteHandler.cpp */; };
		5E4BF9BE2550126C00467A87 /* MissingSuiteError.cpp in Sources */ = {isa = PBXBuildFile; fileRef = D0FE579C0993C5E500139A60 /* MissingSuiteError.cpp */; };
		5E4BF9BF2550126C00467A87 /* AEFX_SuiteHelper.c in Sources */ = {isa = PBXBuildFile; fileRef = D7DCC59D1B239204007E769E /* AEFX_SuiteHelper.c */; };
		5E4BF9C02550126C00467A87 /* Smart_Utils.cpp in Sources */ = {isa = PBXBuildFile; fileRef = D7DCC59A1B2391F6007E769E /* Smart_Utils.cpp */; };
		5E4BF9C22550126C00467A87 /* libglbinding.a in Frameworks */ = {isa = PBXBuildFile; fileRef = D7B73A511B6C20AD00BCC010 /* libglbinding.a */; };
		5E4BF9C32550126C00467A87 /* OpenGL.framework in Frameworks */ = {isa = PBXBuildFile; fileRef = 8F463EC20C3DCE390040C945 /* OpenGL.framework */; };
		5E4BF9C42550126C00467A87 /* AGL.framework in Frameworks */ = {isa = PBXBuildFile; fileRef = 8F463EC80C3DCE4B0040C945 /* AGL.framework */; };
		5E4BF9C52550126C00467A87 /* Cocoa.framework in Frameworks */ = {isa = PBXBuildFile; fileRef = 7ECB51A615DB18A300C5BAD5 /* Cocoa.framework */; };
		5E4BF9DD255012E500467A87 /* GL_base.cpp in Sources */ = {isa = PBXBuildFile; fileRef = 5E4BF9D2255012E500467A87 /* GL_base.cpp */; };
		5E4BF9DE255012E500467A87 /* GLator.cpp in Sources */ = {isa = PBXBuildFile; fileRef = 5E4BF9D3255012E500467A87 /* GLator.cpp */; };
		5E4BF9E1255012E500467A87 /* vertex_shader.vert in Resources */ = {isa = PBXBuildFile; fileRef = 5E4BF9D8255012E500467A87 /* vertex_shader.vert */; };
		5E4BF9E2255012E500467A87 /* fragment_shader2.frag in Resources */ = {isa = PBXBuildFile; fileRef = 5E4BF9D9255012E500467A87 /* fragment_shader2.frag */; };
		5E4BF9E3255012E500467A87 /* fragment_shader.frag in Resources */ = {isa = PBXBuildFile; fileRef = 5E4BF9DA255012E500467A87 /* fragment_shader.frag */; };
		5E4BF9E4255012E500467A87 /* GLator_Strings.cpp in Sources */ = {isa = PBXBuildFile; fileRef = 5E4BF9DC255012E500467A87 /* GLator_Strings.cpp */; };
		5E4BF9E62550155B00467A87 /* WBMosaic.plugin-Info.plist in Resources */ = {isa = PBXBuildFile; fileRef = 5E4BF9E52550155B00467A87 /* WBMosaic.plugin-Info.plist */; };
		5E4BF9E82550158700467A87 /* WBMosaicPiPL.r in Rez */ = {isa = PBXBuildFile; fileRef = 5E4BF9E72550158700467A87 /* WBMosaicPiPL.r */; };
		F061EE6B254C18750029F769 /* libglbinding.a in Frameworks */ = {isa = PBXBuildFile; fileRef = D7B73A511B6C20AD00BCC010 /* libglbinding.a */; };
		F061EE6C254C18750029F769 /* OpenGL.framework in Frameworks */ = {isa = PBXBuildFile; fileRef = 8F463EC20C3DCE390040C945 /* OpenGL.framework */; };
		F061EE6D254C18750029F769 /* AGL.framework in Frameworks */ = {isa = PBXBuildFile; fileRef = 8F463EC80C3DCE4B0040C945 /* AGL.framework */; };
		F061EE6E254C18750029F769 /* Cocoa.framework in Frameworks */ = {isa = PBXBuildFile; fileRef = 7ECB51A615DB18A300C5BAD5 /* Cocoa.framework */; };
		F061EE95254C26360029F769 /* GL_base.cpp in Sources */ = {isa = PBXBuildFile; fileRef = F061EE8A254C26360029F769 /* GL_base.cpp */; };
		F061EE96254C26360029F769 /* WBDirectionalBlur.plugin-Info.plist in Resources */ = {isa = PBXBuildFile; fileRef = F061EE8B254C26360029F769 /* WBDirectionalBlur.plugin-Info.plist */; };
		F061EE97254C26360029F769 /* GLator.cpp in Sources */ = {isa = PBXBuildFile; fileRef = F061EE8C254C26360029F769 /* GLator.cpp */; };
		F061EE98254C26360029F769 /* vertex_shader.vert in Resources */ = {isa = PBXBuildFile; fileRef = F061EE8F254C26360029F769 /* vertex_shader.vert */; };
		F061EE99254C26360029F769 /* fragment_shader2.frag in Resources */ = {isa = PBXBuildFile; fileRef = F061EE90254C26360029F769 /* fragment_shader2.frag */; };
		F061EE9A254C26360029F769 /* fragment_shader.frag in Resources */ = {isa = PBXBuildFile; fileRef = F061EE91254C26360029F769 /* fragment_shader.frag */; };
		F061EE9B254C26360029F769 /* WBDirectionalBlurPiPL.r in Rez */ = {isa = PBXBuildFile; fileRef = F061EE92254C26360029F769 /* WBDirectionalBlurPiPL.r */; };
		F061EE9C254C26360029F769 /* GLator_Strings.cpp in Sources */ = {isa = PBXBuildFile; fileRef = F061EE94254C26360029F769 /* GLator_Strings.cpp */; };
		F061EEA1254C26470029F769 /* AEGP_SuiteHandler.cpp in Sources */ = {isa = PBXBuildFile; fileRef = D0FE579A0993C5E500139A60 /* AEGP_SuiteHandler.cpp */; };
		F061EEA2254C26470029F769 /* MissingSuiteError.cpp in Sources */ = {isa = PBXBuildFile; fileRef = D0FE579C0993C5E500139A60 /* MissingSuiteError.cpp */; };
		F061EEA3254C26470029F769 /* AEFX_SuiteHelper.c in Sources */ = {isa = PBXBuildFile; fileRef = D7DCC59D1B239204007E769E /* AEFX_SuiteHelper.c */; };
		F061EEA4254C26470029F769 /* Smart_Utils.cpp in Sources */ = {isa = PBXBuildFile; fileRef = D7DCC59A1B2391F6007E769E /* Smart_Utils.cpp */; };
		F061EEB9255130B40029F769 /* AEGP_SuiteHandler.cpp in Sources */ = {isa = PBXBuildFile; fileRef = D0FE579A0993C5E500139A60 /* AEGP_SuiteHandler.cpp */; };
		F061EEBA255130B40029F769 /* MissingSuiteError.cpp in Sources */ = {isa = PBXBuildFile; fileRef = D0FE579C0993C5E500139A60 /* MissingSuiteError.cpp */; };
		F061EEBB255130B40029F769 /* AEFX_SuiteHelper.c in Sources */ = {isa = PBXBuildFile; fileRef = D7DCC59D1B239204007E769E /* AEFX_SuiteHelper.c */; };
		F061EEBC255130B40029F769 /* Smart_Utils.cpp in Sources */ = {isa = PBXBuildFile; fileRef = D7DCC59A1B2391F6007E769E /* Smart_Utils.cpp */; };
		F061EEC1255130B40029F769 /* libglbinding.a in Frameworks */ = {isa = PBXBuildFile; fileRef = D7B73A511B6C20AD00BCC010 /* libglbinding.a */; };
		F061EEC2255130B40029F769 /* OpenGL.framework in Frameworks */ = {isa = PBXBuildFile; fileRef = 8F463EC20C3DCE390040C945 /* OpenGL.framework */; };
		F061EEC3255130B40029F769 /* AGL.framework in Frameworks */ = {isa = PBXBuildFile; fileRef = 8F463EC80C3DCE4B0040C945 /* AGL.framework */; };
		F061EEC4255130B40029F769 /* Cocoa.framework in Frameworks */ = {isa = PBXBuildFile; fileRef = 7ECB51A615DB18A300C5BAD5 /* Cocoa.framework */; };
		F061EEEF255138490029F769 /* GL_base.cpp in Sources */ = {isa = PBXBuildFile; fileRef = F061EEE4255138490029F769 /* GL_base.cpp */; };
		F061EEF0255138490029F769 /* WBGaussBlurPiPL.r in Rez */ = {isa = PBXBuildFile; fileRef = F061EEE5255138490029F769 /* WBGaussBlurPiPL.r */; };
		F061EEF1255138490029F769 /* GLator.cpp in Sources */ = {isa = PBXBuildFile; fileRef = F061EEE6255138490029F769 /* GLator.cpp */; };
		F061EEF2255138490029F769 /* vertex_shader.vert in Resources */ = {isa = PBXBuildFile; fileRef = F061EEE9255138490029F769 /* vertex_shader.vert */; };
		F061EEF3255138490029F769 /* fragment_shader2.frag in Resources */ = {isa = PBXBuildFile; fileRef = F061EEEA255138490029F769 /* fragment_shader2.frag */; };
		F061EEF4255138490029F769 /* fragment_shader.frag in Resources */ = {isa = PBXBuildFile; fileRef = F061EEEB255138490029F769 /* fragment_shader.frag */; };
		F061EEF5255138490029F769 /* WBGaussBlur.plugin-Info.plist in Resources */ = {isa = PBXBuildFile; fileRef = F061EEED255138490029F769 /* WBGaussBlur.plugin-Info.plist */; };
		F061EEF6255138490029F769 /* GLator_Strings.cpp in Sources */ = {isa = PBXBuildFile; fileRef = F061EEEE255138490029F769 /* GLator_Strings.cpp */; };
		F072398E25412C8200ED690F /* libglbinding.a in Frameworks */ = {isa = PBXBuildFile; fileRef = D7B73A511B6C20AD00BCC010 /* libglbinding.a */; };
		F072398F25412C8200ED690F /* OpenGL.framework in Frameworks */ = {isa = PBXBuildFile; fileRef = 8F463EC20C3DCE390040C945 /* OpenGL.framework */; };
		F072399025412C8200ED690F /* AGL.framework in Frameworks */ = {isa = PBXBuildFile; fileRef = 8F463EC80C3DCE4B0040C945 /* AGL.framework */; };
		F072399125412C8200ED690F /* Cocoa.framework in Frameworks */ = {isa = PBXBuildFile; fileRef = 7ECB51A615DB18A300C5BAD5 /* Cocoa.framework */; };
		F07239AD25412D6F00ED690F /* GL_base.cpp in Sources */ = {isa = PBXBuildFile; fileRef = F07239A125412D6F00ED690F /* GL_base.cpp */; };
		F07239AE25412D6F00ED690F /* GLator.cpp in Sources */ = {isa = PBXBuildFile; fileRef = F07239A225412D6F00ED690F /* GLator.cpp */; };
		F07239AF25412D6F00ED690F /* vertex_shader.vert in Resources */ = {isa = PBXBuildFile; fileRef = F07239A625412D6F00ED690F /* vertex_shader.vert */; };
		F07239B025412D6F00ED690F /* fragment_shader2.frag in Resources */ = {isa = PBXBuildFile; fileRef = F07239A725412D6F00ED690F /* fragment_shader2.frag */; };
		F07239B125412D6F00ED690F /* fragment_shader.frag in Resources */ = {isa = PBXBuildFile; fileRef = F07239A825412D6F00ED690F /* fragment_shader.frag */; };
		F07239B225412D6F00ED690F /* wanhuatongPiPL.r in Rez */ = {isa = PBXBuildFile; fileRef = F07239AA25412D6F00ED690F /* wanhuatongPiPL.r */; };
		F07239B325412D6F00ED690F /* GLator_Strings.cpp in Sources */ = {isa = PBXBuildFile; fileRef = F07239AB25412D6F00ED690F /* GLator_Strings.cpp */; };
		F07239B425412D6F00ED690F /* wanhuatong.plugin-Info.plist in Resources */ = {isa = PBXBuildFile; fileRef = F07239AC25412D6F00ED690F /* wanhuatong.plugin-Info.plist */; };
		F07239CD25412DC300ED690F /* WBinauguration.plugin-Info.plist in Resources */ = {isa = PBXBuildFile; fileRef = F07239C525412DC300ED690F /* WBinauguration.plugin-Info.plist */; };
		F07239E22541337C00ED690F /* WBinaugurationPiPL.r in Rez */ = {isa = PBXBuildFile; fileRef = F07239C325412DC300ED690F /* WBinaugurationPiPL.r */; };
		F0723A112541385B00ED690F /* vertex_shader.vert in Resources */ = {isa = PBXBuildFile; fileRef = F07239BF25412DC300ED690F /* vertex_shader.vert */; };
		F0723A122541385B00ED690F /* fragment_shader2.frag in Resources */ = {isa = PBXBuildFile; fileRef = F07239C025412DC300ED690F /* fragment_shader2.frag */; };
		F0723A132541385B00ED690F /* fragment_shader.frag in Resources */ = {isa = PBXBuildFile; fileRef = F07239C125412DC300ED690F /* fragment_shader.frag */; };
		F0723A182541390300ED690F /* vmath.hpp in Sources */ = {isa = PBXBuildFile; fileRef = F07239B825412DC300ED690F /* vmath.hpp */; };
		F0723A192541390300ED690F /* GL_base.h in Sources */ = {isa = PBXBuildFile; fileRef = F07239B925412DC300ED690F /* GL_base.h */; };
		F0723A1A2541390300ED690F /* GL_base.cpp in Sources */ = {isa = PBXBuildFile; fileRef = F07239BA25412DC300ED690F /* GL_base.cpp */; };
		F0723A1B2541390300ED690F /* GLator.cpp in Sources */ = {isa = PBXBuildFile; fileRef = F07239BB25412DC300ED690F /* GLator.cpp */; };
		F0723A1D2541390300ED690F /* GLator.h in Sources */ = {isa = PBXBuildFile; fileRef = F07239BD25412DC300ED690F /* GLator.h */; };
		F0723A212541390300ED690F /* GLator_Strings.h in Sources */ = {isa = PBXBuildFile; fileRef = F07239C225412DC300ED690F /* GLator_Strings.h */; };
		F0723A232541390400ED690F /* GLator_Strings.cpp in Sources */ = {isa = PBXBuildFile; fileRef = F07239C425412DC300ED690F /* GLator_Strings.cpp */; };
		F0723A272541390B00ED690F /* GLator_pch.h in Sources */ = {isa = PBXBuildFile; fileRef = F094535D2531B334008F86ED /* GLator_pch.h */; };
		F0723A282541390B00ED690F /* AE_Effect.h in Sources */ = {isa = PBXBuildFile; fileRef = 7E76EEE31F70885900536F9D /* AE_Effect.h */; };
		F0723A292541390B00ED690F /* AE_PluginData.h in Sources */ = {isa = PBXBuildFile; fileRef = 7E76EEE41F70885900536F9D /* AE_PluginData.h */; };
		F0723A2A2541390B00ED690F /* AEGP_SuiteHandler.cpp in Sources */ = {isa = PBXBuildFile; fileRef = D0FE579A0993C5E500139A60 /* AEGP_SuiteHandler.cpp */; };
		F0723A2B2541390B00ED690F /* AEGP_SuiteHandler.h in Sources */ = {isa = PBXBuildFile; fileRef = D7DCC59F1B239204007E769E /* AEGP_SuiteHandler.h */; };
		F0723A2C2541390C00ED690F /* MissingSuiteError.cpp in Sources */ = {isa = PBXBuildFile; fileRef = D0FE579C0993C5E500139A60 /* MissingSuiteError.cpp */; };
		F0723A2D2541390C00ED690F /* AEFX_SuiteHelper.c in Sources */ = {isa = PBXBuildFile; fileRef = D7DCC59D1B239204007E769E /* AEFX_SuiteHelper.c */; };
		F0723A2E2541390C00ED690F /* AEFX_SuiteHelper.h in Sources */ = {isa = PBXBuildFile; fileRef = D7DCC59E1B239204007E769E /* AEFX_SuiteHelper.h */; };
		F0723A2F2541390C00ED690F /* Smart_Utils.cpp in Sources */ = {isa = PBXBuildFile; fileRef = D7DCC59A1B2391F6007E769E /* Smart_Utils.cpp */; };
		F0723A302541390C00ED690F /* Smart_Utils.h in Sources */ = {isa = PBXBuildFile; fileRef = D7DCC59B1B2391F6007E769E /* Smart_Utils.h */; };
		F07F201C254A6938000C30C6 /* libglbinding.a in Frameworks */ = {isa = PBXBuildFile; fileRef = D7B73A511B6C20AD00BCC010 /* libglbinding.a */; };
		F07F201D254A6938000C30C6 /* OpenGL.framework in Frameworks */ = {isa = PBXBuildFile; fileRef = 8F463EC20C3DCE390040C945 /* OpenGL.framework */; };
		F07F201E254A6938000C30C6 /* AGL.framework in Frameworks */ = {isa = PBXBuildFile; fileRef = 8F463EC80C3DCE4B0040C945 /* AGL.framework */; };
		F07F201F254A6938000C30C6 /* Cocoa.framework in Frameworks */ = {isa = PBXBuildFile; fileRef = 7ECB51A615DB18A300C5BAD5 /* Cocoa.framework */; };
		F07F202D254A69FC000C30C6 /* GL_base.cpp in Sources */ = {isa = PBXBuildFile; fileRef = F07F1FF5254A692A000C30C6 /* GL_base.cpp */; };
		F07F202E254A69FC000C30C6 /* GLator.cpp in Sources */ = {isa = PBXBuildFile; fileRef = F07F1FF6254A692A000C30C6 /* GLator.cpp */; };
		F07F202F254A69FC000C30C6 /* GLator_Strings.cpp in Sources */ = {isa = PBXBuildFile; fileRef = F07F2000254A692A000C30C6 /* GLator_Strings.cpp */; };
		F07F2030254A69FC000C30C6 /* AEGP_SuiteHandler.cpp in Sources */ = {isa = PBXBuildFile; fileRef = D0FE579A0993C5E500139A60 /* AEGP_SuiteHandler.cpp */; };
		F07F2031254A69FC000C30C6 /* MissingSuiteError.cpp in Sources */ = {isa = PBXBuildFile; fileRef = D0FE579C0993C5E500139A60 /* MissingSuiteError.cpp */; };
		F07F2032254A69FC000C30C6 /* AEFX_SuiteHelper.c in Sources */ = {isa = PBXBuildFile; fileRef = D7DCC59D1B239204007E769E /* AEFX_SuiteHelper.c */; };
		F07F2033254A69FC000C30C6 /* Smart_Utils.cpp in Sources */ = {isa = PBXBuildFile; fileRef = D7DCC59A1B2391F6007E769E /* Smart_Utils.cpp */; };
		F07F2043254A6A27000C30C6 /* vertex_shader.vert in Resources */ = {isa = PBXBuildFile; fileRef = F07F1FFC254A692A000C30C6 /* vertex_shader.vert */; };
		F07F2047254A6A28000C30C6 /* fragment_shader2.frag in Resources */ = {isa = PBXBuildFile; fileRef = F07F1FFD254A692A000C30C6 /* fragment_shader2.frag */; };
		F07F204B254A6A29000C30C6 /* fragment_shader.frag in Resources */ = {isa = PBXBuildFile; fileRef = F07F1FFE254A692A000C30C6 /* fragment_shader.frag */; };
		F07F204F254A6A2D000C30C6 /* WBRadialBlur.plugin-Info.plist in Resources */ = {isa = PBXBuildFile; fileRef = F07F1FF8254A692A000C30C6 /* WBRadialBlur.plugin-Info.plist */; };
		F07F2056254A6A4E000C30C6 /* WBRadialBlurPiPL.r in Rez */ = {isa = PBXBuildFile; fileRef = F07F1FF7254A692A000C30C6 /* WBRadialBlurPiPL.r */; };
		F0D4ABA225319D62005D80FB /* AEFX_SuiteHelper.c in Sources */ = {isa = PBXBuildFile; fileRef = D7DCC59D1B239204007E769E /* AEFX_SuiteHelper.c */; };
		F0D4ABA325319D62005D80FB /* AEGP_SuiteHandler.cpp in Sources */ = {isa = PBXBuildFile; fileRef = D0FE579A0993C5E500139A60 /* AEGP_SuiteHandler.cpp */; };
		F0D4ABA425319D62005D80FB /* MissingSuiteError.cpp in Sources */ = {isa = PBXBuildFile; fileRef = D0FE579C0993C5E500139A60 /* MissingSuiteError.cpp */; };
		F0D4ABA625319D62005D80FB /* Smart_Utils.cpp in Sources */ = {isa = PBXBuildFile; fileRef = D7DCC59A1B2391F6007E769E /* Smart_Utils.cpp */; };
		F0D4ABAA25319D62005D80FB /* libglbinding.a in Frameworks */ = {isa = PBXBuildFile; fileRef = D7B73A511B6C20AD00BCC010 /* libglbinding.a */; };
		F0D4ABAB25319D62005D80FB /* OpenGL.framework in Frameworks */ = {isa = PBXBuildFile; fileRef = 8F463EC20C3DCE390040C945 /* OpenGL.framework */; };
		F0D4ABAC25319D62005D80FB /* AGL.framework in Frameworks */ = {isa = PBXBuildFile; fileRef = 8F463EC80C3DCE4B0040C945 /* AGL.framework */; };
		F0D4ABAD25319D62005D80FB /* Cocoa.framework in Frameworks */ = {isa = PBXBuildFile; fileRef = 7ECB51A615DB18A300C5BAD5 /* Cocoa.framework */; };
/* End PBXBuildFile section */

/* Begin PBXContainerItemProxy section */
		D7B73A501B6C20AD00BCC010 /* PBXContainerItemProxy */ = {
			isa = PBXContainerItemProxy;
			containerPortal = D7B73A4C1B6C20AC00BCC010 /* glbinding.xcodeproj */;
			proxyType = 2;
			remoteGlobalIDString = D7B73A451B6C20AC00BCC010;
			remoteInfo = glbinding;
		};
/* End PBXContainerItemProxy section */

/* Begin PBXCopyFilesBuildPhase section */
		5E4BF9C82550126C00467A87 /* CopyFiles */ = {
            isa = PBXCopyFilesBuildPhase;
            buildActionMask = 2147483647;
            dstPath = "";
            dstSubfolderSpec = 7;
            files = (
            );
            runOnlyForDeploymentPostprocessing = 0;
        };
		F061EE71254C18750029F769 /* CopyFiles */ = {
			isa = PBXCopyFilesBuildPhase;
			buildActionMask = 2147483647;
			dstPath = "";
			dstSubfolderSpec = 7;
			files = (
			);
			runOnlyForDeploymentPostprocessing = 0;
		};
		F061EEC7255130B40029F769 /* CopyFiles */ = {
			isa = PBXCopyFilesBuildPhase;
			buildActionMask = 2147483647;
			dstPath = "";
			dstSubfolderSpec = 7;
			files = (
			);
			runOnlyForDeploymentPostprocessing = 0;
		};
		F072399425412C8200ED690F /* CopyFiles */ = {
			isa = PBXCopyFilesBuildPhase;
			buildActionMask = 2147483647;
			dstPath = "";
			dstSubfolderSpec = 7;
			files = (
			);
			runOnlyForDeploymentPostprocessing = 0;
		};
		F07F2022254A6938000C30C6 /* CopyFiles */ = {
			isa = PBXCopyFilesBuildPhase;
			buildActionMask = 2147483647;
			dstPath = "";
			dstSubfolderSpec = 7;
			files = (
			);
			runOnlyForDeploymentPostprocessing = 0;
		};
		F0D4ABB025319D62005D80FB /* CopyFiles */ = {
			isa = PBXCopyFilesBuildPhase;
			buildActionMask = 2147483647;
			dstPath = "";
			dstSubfolderSpec = 7;
			files = (
			);
			runOnlyForDeploymentPostprocessing = 0;
		};
/* End PBXCopyFilesBuildPhase section */

/* Begin PBXFileReference section */
		5E4BF9CB2550126C00467A87 /* WBMosaic.plugin */ = {isa = PBXFileReference; explicitFileType = wrapper.cfbundle; includeInIndex = 0; path = WBMosaic.plugin; sourceTree = BUILT_PRODUCTS_DIR; };
		5E4BF9CC2550126D00467A87 /* WBMosaic.plist */ = {isa = PBXFileReference; lastKnownFileType = text.plist.xml; name = WBMosaic.plist; path = /Users/yulin9/Documents/project/ios/AEWBPlugin/Examples/Effect/GLator/Mac/WBMosaic.plist; sourceTree = "<absolute>"; };
		5E4BF9D0255012E500467A87 /* vmath.hpp */ = {isa = PBXFileReference; fileEncoding = 4; lastKnownFileType = sourcecode.cpp.h; path = vmath.hpp; sourceTree = "<group>"; };
		5E4BF9D1255012E500467A87 /* GL_base.h */ = {isa = PBXFileReference; fileEncoding = 4; lastKnownFileType = sourcecode.c.h; path = GL_base.h; sourceTree = "<group>"; };
		5E4BF9D2255012E500467A87 /* GL_base.cpp */ = {isa = PBXFileReference; fileEncoding = 4; lastKnownFileType = sourcecode.cpp.cpp; path = GL_base.cpp; sourceTree = "<group>"; };
		5E4BF9D3255012E500467A87 /* GLator.cpp */ = {isa = PBXFileReference; fileEncoding = 4; lastKnownFileType = sourcecode.cpp.cpp; path = GLator.cpp; sourceTree = "<group>"; };
		5E4BF9D6255012E500467A87 /* GLator.h */ = {isa = PBXFileReference; fileEncoding = 4; lastKnownFileType = sourcecode.c.h; path = GLator.h; sourceTree = "<group>"; };
		5E4BF9D8255012E500467A87 /* vertex_shader.vert */ = {isa = PBXFileReference; fileEncoding = 4; lastKnownFileType = sourcecode.glsl; path = vertex_shader.vert; sourceTree = "<group>"; };
		5E4BF9D9255012E500467A87 /* fragment_shader2.frag */ = {isa = PBXFileReference; fileEncoding = 4; lastKnownFileType = sourcecode.glsl; path = fragment_shader2.frag; sourceTree = "<group>"; };
		5E4BF9DA255012E500467A87 /* fragment_shader.frag */ = {isa = PBXFileReference; fileEncoding = 4; lastKnownFileType = sourcecode.glsl; path = fragment_shader.frag; sourceTree = "<group>"; };
		5E4BF9DB255012E500467A87 /* GLator_Strings.h */ = {isa = PBXFileReference; fileEncoding = 4; lastKnownFileType = sourcecode.c.h; path = GLator_Strings.h; sourceTree = "<group>"; };
		5E4BF9DC255012E500467A87 /* GLator_Strings.cpp */ = {isa = PBXFileReference; fileEncoding = 4; lastKnownFileType = sourcecode.cpp.cpp; path = GLator_Strings.cpp; sourceTree = "<group>"; };
		5E4BF9E52550155B00467A87 /* WBMosaic.plugin-Info.plist */ = {isa = PBXFileReference; fileEncoding = 4; lastKnownFileType = text.plist.xml; path = "WBMosaic.plugin-Info.plist"; sourceTree = "<group>"; };
		5E4BF9E72550158700467A87 /* WBMosaicPiPL.r */ = {isa = PBXFileReference; fileEncoding = 4; lastKnownFileType = sourcecode.rez; path = WBMosaicPiPL.r; sourceTree = "<group>"; };
		7E76EEE31F70885900536F9D /* AE_Effect.h */ = {isa = PBXFileReference; fileEncoding = 4; lastKnownFileType = sourcecode.c.h; name = AE_Effect.h; path = ../../../Headers/AE_Effect.h; sourceTree = "<group>"; };
		7E76EEE41F70885900536F9D /* AE_PluginData.h */ = {isa = PBXFileReference; fileEncoding = 4; lastKnownFileType = sourcecode.c.h; name = AE_PluginData.h; path = ../../../Headers/AE_PluginData.h; sourceTree = "<group>"; };
		7ECB51A615DB18A300C5BAD5 /* Cocoa.framework */ = {isa = PBXFileReference; lastKnownFileType = wrapper.framework; name = Cocoa.framework; path = /System/Library/Frameworks/Cocoa.framework; sourceTree = "<absolute>"; };
		8F463EC20C3DCE390040C945 /* OpenGL.framework */ = {isa = PBXFileReference; lastKnownFileType = wrapper.framework; name = OpenGL.framework; path = System/Library/Frameworks/OpenGL.framework; sourceTree = SDKROOT; };
		8F463EC80C3DCE4B0040C945 /* AGL.framework */ = {isa = PBXFileReference; lastKnownFileType = wrapper.framework; name = AGL.framework; path = System/Library/Frameworks/AGL.framework; sourceTree = SDKROOT; };
		D0FE579A0993C5E500139A60 /* AEGP_SuiteHandler.cpp */ = {isa = PBXFileReference; fileEncoding = 30; lastKnownFileType = sourcecode.cpp.cpp; name = AEGP_SuiteHandler.cpp; path = ../../../Util/AEGP_SuiteHandler.cpp; sourceTree = SOURCE_ROOT; };
		D0FE579C0993C5E500139A60 /* MissingSuiteError.cpp */ = {isa = PBXFileReference; fileEncoding = 30; lastKnownFileType = sourcecode.cpp.cpp; name = MissingSuiteError.cpp; path = ../../../Util/MissingSuiteError.cpp; sourceTree = SOURCE_ROOT; };
		D7B73A4C1B6C20AC00BCC010 /* glbinding.xcodeproj */ = {isa = PBXFileReference; lastKnownFileType = "wrapper.pb-project"; name = glbinding.xcodeproj; path = glbinding/glbinding.xcodeproj; sourceTree = "<group>"; };
		D7DCC59A1B2391F6007E769E /* Smart_Utils.cpp */ = {isa = PBXFileReference; fileEncoding = 4; lastKnownFileType = sourcecode.cpp.cpp; name = Smart_Utils.cpp; path = ../../../Util/Smart_Utils.cpp; sourceTree = "<group>"; };
		D7DCC59B1B2391F6007E769E /* Smart_Utils.h */ = {isa = PBXFileReference; fileEncoding = 4; lastKnownFileType = sourcecode.c.h; name = Smart_Utils.h; path = ../../../Util/Smart_Utils.h; sourceTree = "<group>"; };
		D7DCC59D1B239204007E769E /* AEFX_SuiteHelper.c */ = {isa = PBXFileReference; fileEncoding = 4; lastKnownFileType = sourcecode.c.c; name = AEFX_SuiteHelper.c; path = ../../../Util/AEFX_SuiteHelper.c; sourceTree = "<group>"; };
		D7DCC59E1B239204007E769E /* AEFX_SuiteHelper.h */ = {isa = PBXFileReference; fileEncoding = 4; lastKnownFileType = sourcecode.c.h; name = AEFX_SuiteHelper.h; path = ../../../Util/AEFX_SuiteHelper.h; sourceTree = "<group>"; };
		D7DCC59F1B239204007E769E /* AEGP_SuiteHandler.h */ = {isa = PBXFileReference; fileEncoding = 4; lastKnownFileType = sourcecode.c.h; name = AEGP_SuiteHandler.h; path = ../../../Util/AEGP_SuiteHandler.h; sourceTree = "<group>"; };
		F061EE74254C18750029F769 /* WBDirectionalBlur.plugin */ = {isa = PBXFileReference; explicitFileType = wrapper.cfbundle; includeInIndex = 0; path = WBDirectionalBlur.plugin; sourceTree = BUILT_PRODUCTS_DIR; };
		F061EE76254C18750029F769 /* WBRadialBlur copy-Info.plist */ = {isa = PBXFileReference; lastKnownFileType = text.plist.xml; name = "WBRadialBlur copy-Info.plist"; path = "/Users/wangjingxin/AEWBPlugin/Examples/Effect/GLator/Mac/WBRadialBlur copy-Info.plist"; sourceTree = "<absolute>"; };
		F061EE88254C26360029F769 /* vmath.hpp */ = {isa = PBXFileReference; fileEncoding = 4; lastKnownFileType = sourcecode.cpp.h; path = vmath.hpp; sourceTree = "<group>"; };
		F061EE89254C26360029F769 /* GL_base.h */ = {isa = PBXFileReference; fileEncoding = 4; lastKnownFileType = sourcecode.c.h; path = GL_base.h; sourceTree = "<group>"; };
		F061EE8A254C26360029F769 /* GL_base.cpp */ = {isa = PBXFileReference; fileEncoding = 4; lastKnownFileType = sourcecode.cpp.cpp; path = GL_base.cpp; sourceTree = "<group>"; };
		F061EE8B254C26360029F769 /* WBDirectionalBlur.plugin-Info.plist */ = {isa = PBXFileReference; fileEncoding = 4; lastKnownFileType = text.plist.xml; path = "WBDirectionalBlur.plugin-Info.plist"; sourceTree = "<group>"; };
		F061EE8C254C26360029F769 /* GLator.cpp */ = {isa = PBXFileReference; fileEncoding = 4; lastKnownFileType = sourcecode.cpp.cpp; path = GLator.cpp; sourceTree = "<group>"; };
		F061EE8D254C26360029F769 /* GLator.h */ = {isa = PBXFileReference; fileEncoding = 4; lastKnownFileType = sourcecode.c.h; path = GLator.h; sourceTree = "<group>"; };
		F061EE8F254C26360029F769 /* vertex_shader.vert */ = {isa = PBXFileReference; fileEncoding = 4; lastKnownFileType = sourcecode.glsl; path = vertex_shader.vert; sourceTree = "<group>"; };
		F061EE90254C26360029F769 /* fragment_shader2.frag */ = {isa = PBXFileReference; fileEncoding = 4; lastKnownFileType = sourcecode.glsl; path = fragment_shader2.frag; sourceTree = "<group>"; };
		F061EE91254C26360029F769 /* fragment_shader.frag */ = {isa = PBXFileReference; fileEncoding = 4; lastKnownFileType = sourcecode.glsl; path = fragment_shader.frag; sourceTree = "<group>"; };
		F061EE92254C26360029F769 /* WBDirectionalBlurPiPL.r */ = {isa = PBXFileReference; fileEncoding = 4; lastKnownFileType = sourcecode.rez; path = WBDirectionalBlurPiPL.r; sourceTree = "<group>"; };
		F061EE93254C26360029F769 /* GLator_Strings.h */ = {isa = PBXFileReference; fileEncoding = 4; lastKnownFileType = sourcecode.c.h; path = GLator_Strings.h; sourceTree = "<group>"; };
		F061EE94254C26360029F769 /* GLator_Strings.cpp */ = {isa = PBXFileReference; fileEncoding = 4; lastKnownFileType = sourcecode.cpp.cpp; path = GLator_Strings.cpp; sourceTree = "<group>"; };
		F061EECA255130B40029F769 /* WBGaussBlur.plugin */ = {isa = PBXFileReference; explicitFileType = wrapper.cfbundle; includeInIndex = 0; path = WBGaussBlur.plugin; sourceTree = BUILT_PRODUCTS_DIR; };
		F061EECC255130B40029F769 /* WBDirectionalBlur copy-Info.plist */ = {isa = PBXFileReference; lastKnownFileType = text.plist.xml; name = "WBDirectionalBlur copy-Info.plist"; path = "/Users/wangjingxin/AEWBPlugin/Examples/Effect/GLator/Mac/WBDirectionalBlur copy-Info.plist"; sourceTree = "<absolute>"; };
		F061EEE2255138490029F769 /* vmath.hpp */ = {isa = PBXFileReference; fileEncoding = 4; lastKnownFileType = sourcecode.cpp.h; path = vmath.hpp; sourceTree = "<group>"; };
		F061EEE3255138490029F769 /* GL_base.h */ = {isa = PBXFileReference; fileEncoding = 4; lastKnownFileType = sourcecode.c.h; path = GL_base.h; sourceTree = "<group>"; };
		F061EEE4255138490029F769 /* GL_base.cpp */ = {isa = PBXFileReference; fileEncoding = 4; lastKnownFileType = sourcecode.cpp.cpp; path = GL_base.cpp; sourceTree = "<group>"; };
		F061EEE5255138490029F769 /* WBGaussBlurPiPL.r */ = {isa = PBXFileReference; fileEncoding = 4; lastKnownFileType = sourcecode.rez; path = WBGaussBlurPiPL.r; sourceTree = "<group>"; };
		F061EEE6255138490029F769 /* GLator.cpp */ = {isa = PBXFileReference; fileEncoding = 4; lastKnownFileType = sourcecode.cpp.cpp; path = GLator.cpp; sourceTree = "<group>"; };
		F061EEE7255138490029F769 /* GLator.h */ = {isa = PBXFileReference; fileEncoding = 4; lastKnownFileType = sourcecode.c.h; path = GLator.h; sourceTree = "<group>"; };
		F061EEE9255138490029F769 /* vertex_shader.vert */ = {isa = PBXFileReference; fileEncoding = 4; lastKnownFileType = sourcecode.glsl; path = vertex_shader.vert; sourceTree = "<group>"; };
		F061EEEA255138490029F769 /* fragment_shader2.frag */ = {isa = PBXFileReference; fileEncoding = 4; lastKnownFileType = sourcecode.glsl; path = fragment_shader2.frag; sourceTree = "<group>"; };
		F061EEEB255138490029F769 /* fragment_shader.frag */ = {isa = PBXFileReference; fileEncoding = 4; lastKnownFileType = sourcecode.glsl; path = fragment_shader.frag; sourceTree = "<group>"; };
		F061EEEC255138490029F769 /* GLator_Strings.h */ = {isa = PBXFileReference; fileEncoding = 4; lastKnownFileType = sourcecode.c.h; path = GLator_Strings.h; sourceTree = "<group>"; };
		F061EEED255138490029F769 /* WBGaussBlur.plugin-Info.plist */ = {isa = PBXFileReference; fileEncoding = 4; lastKnownFileType = text.plist.xml; path = "WBGaussBlur.plugin-Info.plist"; sourceTree = "<group>"; };
		F061EEEE255138490029F769 /* GLator_Strings.cpp */ = {isa = PBXFileReference; fileEncoding = 4; lastKnownFileType = sourcecode.cpp.cpp; path = GLator_Strings.cpp; sourceTree = "<group>"; };
		F072399725412C8200ED690F /* WBinauguration.plugin */ = {isa = PBXFileReference; explicitFileType = wrapper.cfbundle; includeInIndex = 0; path = WBinauguration.plugin; sourceTree = BUILT_PRODUCTS_DIR; };
		F072399F25412D6F00ED690F /* vmath.hpp */ = {isa = PBXFileReference; fileEncoding = 4; lastKnownFileType = sourcecode.cpp.h; path = vmath.hpp; sourceTree = "<group>"; };
		F07239A025412D6F00ED690F /* GL_base.h */ = {isa = PBXFileReference; fileEncoding = 4; lastKnownFileType = sourcecode.c.h; path = GL_base.h; sourceTree = "<group>"; };
		F07239A125412D6F00ED690F /* GL_base.cpp */ = {isa = PBXFileReference; fileEncoding = 4; lastKnownFileType = sourcecode.cpp.cpp; path = GL_base.cpp; sourceTree = "<group>"; };
		F07239A225412D6F00ED690F /* GLator.cpp */ = {isa = PBXFileReference; fileEncoding = 4; lastKnownFileType = sourcecode.cpp.cpp; path = GLator.cpp; sourceTree = "<group>"; };
		F07239A325412D6F00ED690F /* vmath copy.hpp */ = {isa = PBXFileReference; fileEncoding = 4; lastKnownFileType = sourcecode.cpp.h; path = "vmath copy.hpp"; sourceTree = "<group>"; };
		F07239A425412D6F00ED690F /* GLator.h */ = {isa = PBXFileReference; fileEncoding = 4; lastKnownFileType = sourcecode.c.h; path = GLator.h; sourceTree = "<group>"; };
		F07239A625412D6F00ED690F /* vertex_shader.vert */ = {isa = PBXFileReference; fileEncoding = 4; lastKnownFileType = sourcecode.glsl; path = vertex_shader.vert; sourceTree = "<group>"; };
		F07239A725412D6F00ED690F /* fragment_shader2.frag */ = {isa = PBXFileReference; fileEncoding = 4; lastKnownFileType = sourcecode.glsl; path = fragment_shader2.frag; sourceTree = "<group>"; };
		F07239A825412D6F00ED690F /* fragment_shader.frag */ = {isa = PBXFileReference; fileEncoding = 4; lastKnownFileType = sourcecode.glsl; path = fragment_shader.frag; sourceTree = "<group>"; };
		F07239A925412D6F00ED690F /* GLator_Strings.h */ = {isa = PBXFileReference; fileEncoding = 4; lastKnownFileType = sourcecode.c.h; path = GLator_Strings.h; sourceTree = "<group>"; };
		F07239AA25412D6F00ED690F /* wanhuatongPiPL.r */ = {isa = PBXFileReference; fileEncoding = 4; lastKnownFileType = sourcecode.rez; path = wanhuatongPiPL.r; sourceTree = "<group>"; };
		F07239AB25412D6F00ED690F /* GLator_Strings.cpp */ = {isa = PBXFileReference; fileEncoding = 4; lastKnownFileType = sourcecode.cpp.cpp; path = GLator_Strings.cpp; sourceTree = "<group>"; };
		F07239AC25412D6F00ED690F /* wanhuatong.plugin-Info.plist */ = {isa = PBXFileReference; fileEncoding = 4; lastKnownFileType = text.plist.xml; path = "wanhuatong.plugin-Info.plist"; sourceTree = "<group>"; };
		F07239B825412DC300ED690F /* vmath.hpp */ = {isa = PBXFileReference; fileEncoding = 4; lastKnownFileType = sourcecode.cpp.h; path = vmath.hpp; sourceTree = "<group>"; };
		F07239B925412DC300ED690F /* GL_base.h */ = {isa = PBXFileReference; fileEncoding = 4; lastKnownFileType = sourcecode.c.h; path = GL_base.h; sourceTree = "<group>"; };
		F07239BA25412DC300ED690F /* GL_base.cpp */ = {isa = PBXFileReference; fileEncoding = 4; lastKnownFileType = sourcecode.cpp.cpp; path = GL_base.cpp; sourceTree = "<group>"; };
		F07239BB25412DC300ED690F /* GLator.cpp */ = {isa = PBXFileReference; fileEncoding = 4; lastKnownFileType = sourcecode.cpp.cpp; path = GLator.cpp; sourceTree = "<group>"; };
		F07239BD25412DC300ED690F /* GLator.h */ = {isa = PBXFileReference; fileEncoding = 4; lastKnownFileType = sourcecode.c.h; path = GLator.h; sourceTree = "<group>"; };
		F07239BF25412DC300ED690F /* vertex_shader.vert */ = {isa = PBXFileReference; fileEncoding = 4; lastKnownFileType = sourcecode.glsl; path = vertex_shader.vert; sourceTree = "<group>"; };
		F07239C025412DC300ED690F /* fragment_shader2.frag */ = {isa = PBXFileReference; fileEncoding = 4; lastKnownFileType = sourcecode.glsl; path = fragment_shader2.frag; sourceTree = "<group>"; };
		F07239C125412DC300ED690F /* fragment_shader.frag */ = {isa = PBXFileReference; fileEncoding = 4; lastKnownFileType = sourcecode.glsl; path = fragment_shader.frag; sourceTree = "<group>"; };
		F07239C225412DC300ED690F /* GLator_Strings.h */ = {isa = PBXFileReference; fileEncoding = 4; lastKnownFileType = sourcecode.c.h; path = GLator_Strings.h; sourceTree = "<group>"; };
		F07239C325412DC300ED690F /* WBinaugurationPiPL.r */ = {isa = PBXFileReference; fileEncoding = 4; lastKnownFileType = sourcecode.rez; path = WBinaugurationPiPL.r; sourceTree = "<group>"; };
		F07239C425412DC300ED690F /* GLator_Strings.cpp */ = {isa = PBXFileReference; fileEncoding = 4; lastKnownFileType = sourcecode.cpp.cpp; path = GLator_Strings.cpp; sourceTree = "<group>"; };
		F07239C525412DC300ED690F /* WBinauguration.plugin-Info.plist */ = {isa = PBXFileReference; fileEncoding = 4; lastKnownFileType = text.plist.xml; path = "WBinauguration.plugin-Info.plist"; sourceTree = "<group>"; };
		F07F1FF3254A692A000C30C6 /* vmath.hpp */ = {isa = PBXFileReference; lastKnownFileType = sourcecode.cpp.h; path = vmath.hpp; sourceTree = "<group>"; };
		F07F1FF4254A692A000C30C6 /* GL_base.h */ = {isa = PBXFileReference; lastKnownFileType = sourcecode.c.h; path = GL_base.h; sourceTree = "<group>"; };
		F07F1FF5254A692A000C30C6 /* GL_base.cpp */ = {isa = PBXFileReference; lastKnownFileType = sourcecode.cpp.cpp; path = GL_base.cpp; sourceTree = "<group>"; };
		F07F1FF6254A692A000C30C6 /* GLator.cpp */ = {isa = PBXFileReference; lastKnownFileType = sourcecode.cpp.cpp; path = GLator.cpp; sourceTree = "<group>"; };
		F07F1FF7254A692A000C30C6 /* WBRadialBlurPiPL.r */ = {isa = PBXFileReference; lastKnownFileType = sourcecode.rez; path = WBRadialBlurPiPL.r; sourceTree = "<group>"; };
		F07F1FF8254A692A000C30C6 /* WBRadialBlur.plugin-Info.plist */ = {isa = PBXFileReference; lastKnownFileType = text.plist.xml; path = "WBRadialBlur.plugin-Info.plist"; sourceTree = "<group>"; };
		F07F1FFA254A692A000C30C6 /* GLator.h */ = {isa = PBXFileReference; lastKnownFileType = sourcecode.c.h; path = GLator.h; sourceTree = "<group>"; };
		F07F1FFC254A692A000C30C6 /* vertex_shader.vert */ = {isa = PBXFileReference; lastKnownFileType = sourcecode.glsl; path = vertex_shader.vert; sourceTree = "<group>"; };
		F07F1FFD254A692A000C30C6 /* fragment_shader2.frag */ = {isa = PBXFileReference; lastKnownFileType = sourcecode.glsl; path = fragment_shader2.frag; sourceTree = "<group>"; };
		F07F1FFE254A692A000C30C6 /* fragment_shader.frag */ = {isa = PBXFileReference; lastKnownFileType = sourcecode.glsl; path = fragment_shader.frag; sourceTree = "<group>"; };
		F07F1FFF254A692A000C30C6 /* GLator_Strings.h */ = {isa = PBXFileReference; lastKnownFileType = sourcecode.c.h; path = GLator_Strings.h; sourceTree = "<group>"; };
		F07F2000254A692A000C30C6 /* GLator_Strings.cpp */ = {isa = PBXFileReference; lastKnownFileType = sourcecode.cpp.cpp; path = GLator_Strings.cpp; sourceTree = "<group>"; };
		F07F2025254A6938000C30C6 /* WBRadialBlur.plugin */ = {isa = PBXFileReference; explicitFileType = wrapper.cfbundle; includeInIndex = 0; path = WBRadialBlur.plugin; sourceTree = BUILT_PRODUCTS_DIR; };
		F07F2026254A6938000C30C6 /* WBinauguration copy-Info.plist */ = {isa = PBXFileReference; lastKnownFileType = text.plist.xml; name = "WBinauguration copy-Info.plist"; path = "/Users/wangjingxin/AEWBPlugin/Examples/Effect/GLator/Mac/WBinauguration copy-Info.plist"; sourceTree = "<absolute>"; };
		F094535D2531B334008F86ED /* GLator_pch.h */ = {isa = PBXFileReference; fileEncoding = 4; lastKnownFileType = sourcecode.c.h; path = GLator_pch.h; sourceTree = "<group>"; };
		F0D4ABB625319D62005D80FB /* wanhuatong.plugin */ = {isa = PBXFileReference; explicitFileType = wrapper.cfbundle; includeInIndex = 0; path = wanhuatong.plugin; sourceTree = BUILT_PRODUCTS_DIR; };
/* End PBXFileReference section */

/* Begin PBXFrameworksBuildPhase section */
		5E4BF9C12550126C00467A87 /* Frameworks */ = {
			isa = PBXFrameworksBuildPhase;
			buildActionMask = 2147483647;
			files = (
				5E4BF9C22550126C00467A87 /* libglbinding.a in Frameworks */,
				5E4BF9C32550126C00467A87 /* OpenGL.framework in Frameworks */,
				5E4BF9C42550126C00467A87 /* AGL.framework in Frameworks */,
				5E4BF9C52550126C00467A87 /* Cocoa.framework in Frameworks */,
                     );
            runOnlyForDeploymentPostprocessing = 0;
        };
		F061EE6A254C18750029F769 /* Frameworks */ = {
			isa = PBXFrameworksBuildPhase;
			buildActionMask = 2147483647;
			files = (
				F061EE6B254C18750029F769 /* libglbinding.a in Frameworks */,
				F061EE6C254C18750029F769 /* OpenGL.framework in Frameworks */,
				F061EE6D254C18750029F769 /* AGL.framework in Frameworks */,
				F061EE6E254C18750029F769 /* Cocoa.framework in Frameworks */,
			);
			runOnlyForDeploymentPostprocessing = 0;
		};
		F061EEC0255130B40029F769 /* Frameworks */ = {
			isa = PBXFrameworksBuildPhase;
			buildActionMask = 2147483647;
			files = (
				F061EEC1255130B40029F769 /* libglbinding.a in Frameworks */,
				F061EEC2255130B40029F769 /* OpenGL.framework in Frameworks */,
				F061EEC3255130B40029F769 /* AGL.framework in Frameworks */,
				F061EEC4255130B40029F769 /* Cocoa.framework in Frameworks */,
			);
			runOnlyForDeploymentPostprocessing = 0;
		};
		F072398D25412C8200ED690F /* Frameworks */ = {
			isa = PBXFrameworksBuildPhase;
			buildActionMask = 2147483647;
			files = (
				F072398E25412C8200ED690F /* libglbinding.a in Frameworks */,
				F072398F25412C8200ED690F /* OpenGL.framework in Frameworks */,
				F072399025412C8200ED690F /* AGL.framework in Frameworks */,
				F072399125412C8200ED690F /* Cocoa.framework in Frameworks */,
			);
			runOnlyForDeploymentPostprocessing = 0;
		};
		F07F201B254A6938000C30C6 /* Frameworks */ = {
			isa = PBXFrameworksBuildPhase;
			buildActionMask = 2147483647;
			files = (
				F07F201C254A6938000C30C6 /* libglbinding.a in Frameworks */,
				F07F201D254A6938000C30C6 /* OpenGL.framework in Frameworks */,
				F07F201E254A6938000C30C6 /* AGL.framework in Frameworks */,
				F07F201F254A6938000C30C6 /* Cocoa.framework in Frameworks */,
			);
			runOnlyForDeploymentPostprocessing = 0;
		};
		F0D4ABA925319D62005D80FB /* Frameworks */ = {
			isa = PBXFrameworksBuildPhase;
			buildActionMask = 2147483647;
			files = (
				F0D4ABAA25319D62005D80FB /* libglbinding.a in Frameworks */,
				F0D4ABAB25319D62005D80FB /* OpenGL.framework in Frameworks */,
				F0D4ABAC25319D62005D80FB /* AGL.framework in Frameworks */,
				F0D4ABAD25319D62005D80FB /* Cocoa.framework in Frameworks */,
			);
			runOnlyForDeploymentPostprocessing = 0;
		};
/* End PBXFrameworksBuildPhase section */

/* Begin PBXGroup section */
		5E4BF9CF255012E500467A87 /* WBMosaic */ = {
			isa = PBXGroup;
			children = (
				5E4BF9D0255012E500467A87 /* vmath.hpp */,
				5E4BF9D1255012E500467A87 /* GL_base.h */,
				5E4BF9D2255012E500467A87 /* GL_base.cpp */,
				5E4BF9D3255012E500467A87 /* GLator.cpp */,
				5E4BF9E72550158700467A87 /* WBMosaicPiPL.r */,
				5E4BF9E52550155B00467A87 /* WBMosaic.plugin-Info.plist */,
				5E4BF9D6255012E500467A87 /* GLator.h */,
				5E4BF9D7255012E500467A87 /* GLSL_files */,
				5E4BF9DB255012E500467A87 /* GLator_Strings.h */,
				5E4BF9DC255012E500467A87 /* GLator_Strings.cpp */,
			);
			path = WBMosaic;
			sourceTree = "<group>";
		};
		5E4BF9D7255012E500467A87 /* GLSL_files */ = {
			isa = PBXGroup;
			children = (
				5E4BF9D8255012E500467A87 /* vertex_shader.vert */,
				5E4BF9D9255012E500467A87 /* fragment_shader2.frag */,
				5E4BF9DA255012E500467A87 /* fragment_shader.frag */,
			);
			path = GLSL_files;
			sourceTree = "<group>";
		};
		C4E6187C095A3C800012CA3F = {
			isa = PBXGroup;
			children = (
				5E4BF9CF255012E500467A87 /* WBMosaic */,
				F061EEE1255138490029F769 /* WBGaussBlur */,
				F061EE87254C26360029F769 /* WBDirectionalBlur */,
				F07F1FF2254A692A000C30C6 /* WBRadialBlur */,
				F07239B725412DC300ED690F /* WBinauguration */,
				F072399E25412D6F00ED690F /* wanhuatong */,
				D7B73A4C1B6C20AC00BCC010 /* glbinding.xcodeproj */,
				D0FE57630993C4FD00139A60 /* Supporting Code */,
				8F463EC80C3DCE4B0040C945 /* AGL.framework */,
				7ECB51A615DB18A300C5BAD5 /* Cocoa.framework */,
				8F463EC20C3DCE390040C945 /* OpenGL.framework */,
				C4E6188C095A3C800012CA3F /* Products */,
				F07F2026254A6938000C30C6 /* WBinauguration copy-Info.plist */,
				5E4BF9CC2550126D00467A87 /* WBMosaic.plist */,
				F061EE76254C18750029F769 /* WBRadialBlur copy-Info.plist */,
				F061EECC255130B40029F769 /* WBDirectionalBlur copy-Info.plist */,
			);
			sourceTree = "<group>";
		};
		C4E6188C095A3C800012CA3F /* Products */ = {
			isa = PBXGroup;
			children = (
				F0D4ABB625319D62005D80FB /* wanhuatong.plugin */,
				F072399725412C8200ED690F /* WBinauguration.plugin */,
				F07F2025254A6938000C30C6 /* WBRadialBlur.plugin */,
				5E4BF9CB2550126C00467A87 /* WBMosaic.plugin */,
				F061EE74254C18750029F769 /* WBDirectionalBlur.plugin */,
				F061EECA255130B40029F769 /* WBGaussBlur.plugin */,
			);
			name = Products;
			sourceTree = "<group>";
		};
		D0FE57630993C4FD00139A60 /* Supporting Code */ = {
			isa = PBXGroup;
			children = (
				F094535D2531B334008F86ED /* GLator_pch.h */,
				7E76EEE31F70885900536F9D /* AE_Effect.h */,
				7E76EEE41F70885900536F9D /* AE_PluginData.h */,
				D0FE579A0993C5E500139A60 /* AEGP_SuiteHandler.cpp */,
				D7DCC59F1B239204007E769E /* AEGP_SuiteHandler.h */,
				D0FE579C0993C5E500139A60 /* MissingSuiteError.cpp */,
				D7DCC59D1B239204007E769E /* AEFX_SuiteHelper.c */,
				D7DCC59E1B239204007E769E /* AEFX_SuiteHelper.h */,
				D7DCC59A1B2391F6007E769E /* Smart_Utils.cpp */,
				D7DCC59B1B2391F6007E769E /* Smart_Utils.h */,
			);
			name = "Supporting Code";
			sourceTree = "<group>";
		};
		D7B73A4D1B6C20AC00BCC010 /* Products */ = {
			isa = PBXGroup;
			children = (
				D7B73A511B6C20AD00BCC010 /* libglbinding.a */,
			);
			name = Products;
			sourceTree = "<group>";
		};
		F061EE87254C26360029F769 /* WBDirectionalBlur */ = {
			isa = PBXGroup;
			children = (
				F061EE88254C26360029F769 /* vmath.hpp */,
				F061EE89254C26360029F769 /* GL_base.h */,
				F061EE8A254C26360029F769 /* GL_base.cpp */,
				F061EE8B254C26360029F769 /* WBDirectionalBlur.plugin-Info.plist */,
				F061EE8C254C26360029F769 /* GLator.cpp */,
				F061EE8D254C26360029F769 /* GLator.h */,
				F061EE8E254C26360029F769 /* GLSL_files */,
				F061EE92254C26360029F769 /* WBDirectionalBlurPiPL.r */,
				F061EE93254C26360029F769 /* GLator_Strings.h */,
				F061EE94254C26360029F769 /* GLator_Strings.cpp */,
			);
			path = WBDirectionalBlur;
			sourceTree = "<group>";
		};
		F061EE8E254C26360029F769 /* GLSL_files */ = {
			isa = PBXGroup;
			children = (
				F061EE8F254C26360029F769 /* vertex_shader.vert */,
				F061EE90254C26360029F769 /* fragment_shader2.frag */,
				F061EE91254C26360029F769 /* fragment_shader.frag */,
			);
			path = GLSL_files;
			sourceTree = "<group>";
		};
		F061EEE1255138490029F769 /* WBGaussBlur */ = {
			isa = PBXGroup;
			children = (
				F061EEE2255138490029F769 /* vmath.hpp */,
				F061EEE3255138490029F769 /* GL_base.h */,
				F061EEE4255138490029F769 /* GL_base.cpp */,
				F061EEE5255138490029F769 /* WBGaussBlurPiPL.r */,
				F061EEE6255138490029F769 /* GLator.cpp */,
				F061EEE7255138490029F769 /* GLator.h */,
				F061EEE8255138490029F769 /* GLSL_files */,
				F061EEEC255138490029F769 /* GLator_Strings.h */,
				F061EEED255138490029F769 /* WBGaussBlur.plugin-Info.plist */,
				F061EEEE255138490029F769 /* GLator_Strings.cpp */,
			);
			path = WBGaussBlur;
			sourceTree = "<group>";
		};
		F061EEE8255138490029F769 /* GLSL_files */ = {
			isa = PBXGroup;
			children = (
				F061EEE9255138490029F769 /* vertex_shader.vert */,
				F061EEEA255138490029F769 /* fragment_shader2.frag */,
				F061EEEB255138490029F769 /* fragment_shader.frag */,
			);
			path = GLSL_files;
			sourceTree = "<group>";
		};
		F072399E25412D6F00ED690F /* wanhuatong */ = {
			isa = PBXGroup;
			children = (
				F072399F25412D6F00ED690F /* vmath.hpp */,
				F07239A025412D6F00ED690F /* GL_base.h */,
				F07239A125412D6F00ED690F /* GL_base.cpp */,
				F07239A225412D6F00ED690F /* GLator.cpp */,
				F07239A325412D6F00ED690F /* vmath copy.hpp */,
				F07239A425412D6F00ED690F /* GLator.h */,
				F07239A525412D6F00ED690F /* GLSL_files */,
				F07239A925412D6F00ED690F /* GLator_Strings.h */,
				F07239AA25412D6F00ED690F /* wanhuatongPiPL.r */,
				F07239AB25412D6F00ED690F /* GLator_Strings.cpp */,
				F07239AC25412D6F00ED690F /* wanhuatong.plugin-Info.plist */,
			);
			path = wanhuatong;
			sourceTree = "<group>";
		};
		F07239A525412D6F00ED690F /* GLSL_files */ = {
			isa = PBXGroup;
			children = (
				F07239A625412D6F00ED690F /* vertex_shader.vert */,
				F07239A725412D6F00ED690F /* fragment_shader2.frag */,
				F07239A825412D6F00ED690F /* fragment_shader.frag */,
			);
			path = GLSL_files;
			sourceTree = "<group>";
		};
		F07239B725412DC300ED690F /* WBinauguration */ = {
			isa = PBXGroup;
			children = (
				F07239B825412DC300ED690F /* vmath.hpp */,
				F07239B925412DC300ED690F /* GL_base.h */,
				F07239BA25412DC300ED690F /* GL_base.cpp */,
				F07239BB25412DC300ED690F /* GLator.cpp */,
				F07239BD25412DC300ED690F /* GLator.h */,
				F07239BE25412DC300ED690F /* GLSL_files */,
				F07239C225412DC300ED690F /* GLator_Strings.h */,
				F07239C325412DC300ED690F /* WBinaugurationPiPL.r */,
				F07239C425412DC300ED690F /* GLator_Strings.cpp */,
				F07239C525412DC300ED690F /* WBinauguration.plugin-Info.plist */,
			);
			path = WBinauguration;
			sourceTree = "<group>";
		};
		F07239BE25412DC300ED690F /* GLSL_files */ = {
			isa = PBXGroup;
			children = (
				F07239BF25412DC300ED690F /* vertex_shader.vert */,
				F07239C025412DC300ED690F /* fragment_shader2.frag */,
				F07239C125412DC300ED690F /* fragment_shader.frag */,
			);
			path = GLSL_files;
			sourceTree = "<group>";
		};
		F07F1FF2254A692A000C30C6 /* WBRadialBlur */ = {
			isa = PBXGroup;
			children = (
				F07F1FF3254A692A000C30C6 /* vmath.hpp */,
				F07F1FF4254A692A000C30C6 /* GL_base.h */,
				F07F1FF5254A692A000C30C6 /* GL_base.cpp */,
				F07F1FF6254A692A000C30C6 /* GLator.cpp */,
				F07F1FF7254A692A000C30C6 /* WBRadialBlurPiPL.r */,
				F07F1FF8254A692A000C30C6 /* WBRadialBlur.plugin-Info.plist */,
				F07F1FFA254A692A000C30C6 /* GLator.h */,
				F07F1FFB254A692A000C30C6 /* GLSL_files */,
				F07F1FFF254A692A000C30C6 /* GLator_Strings.h */,
				F07F2000254A692A000C30C6 /* GLator_Strings.cpp */,
			);
			path = WBRadialBlur;
			sourceTree = "<group>";
		};
		F07F1FFB254A692A000C30C6 /* GLSL_files */ = {
			isa = PBXGroup;
			children = (
				F07F1FFC254A692A000C30C6 /* vertex_shader.vert */,
				F07F1FFD254A692A000C30C6 /* fragment_shader2.frag */,
				F07F1FFE254A692A000C30C6 /* fragment_shader.frag */,
			);
			path = GLSL_files;
			sourceTree = "<group>";
		};
/* End PBXGroup section */

/* Begin PBXNativeTarget section */
		5E4BF9B32550126C00467A87 /* WBMosaic */ = {
			isa = PBXNativeTarget;
			buildConfigurationList = 5E4BF9C92550126C00467A87 /* Build configuration list for PBXNativeTarget "WBMosaic" */;
			buildPhases = (
				5E4BF9B42550126C00467A87 /* Resources */,
				5E4BF9B92550126C00467A87 /* Sources */,
				5E4BF9C12550126C00467A87 /* Frameworks */,
				5E4BF9C62550126C00467A87 /* Rez */,
				5E4BF9C82550126C00467A87 /* CopyFiles */,
                );
            buildRules = (
            );
            dependencies = (
            );
            name = WBMosaic;
            productName = Skeleton.plugin;
            productReference = 5E4BF9CB2550126C00467A87 /* WBMosaic.plugin */;
            productType = "com.apple.product-type.bundle";
        };
		F061EE5C254C18750029F769 /* WBDirectionalBlur */ = {
			isa = PBXNativeTarget;
			buildConfigurationList = F061EE72254C18750029F769 /* Build configuration list for PBXNativeTarget "WBDirectionalBlur" */;
			buildPhases = (
				F061EE5D254C18750029F769 /* Resources */,
				F061EE62254C18750029F769 /* Sources */,
				F061EE6A254C18750029F769 /* Frameworks */,
				F061EE6F254C18750029F769 /* Rez */,
				F061EE71254C18750029F769 /* CopyFiles */,
			);
			buildRules = (
			);
			dependencies = (
			);
			name = WBDirectionalBlur;
			productName = Skeleton.plugin;
			productReference = F061EE74254C18750029F769 /* WBDirectionalBlur.plugin */;
			productType = "com.apple.product-type.bundle";
		};
		F061EEB2255130B40029F769 /* WBGaussBlur */ = {
			isa = PBXNativeTarget;
			buildConfigurationList = F061EEC8255130B40029F769 /* Build configuration list for PBXNativeTarget "WBGaussBlur" */;
			buildPhases = (
				F061EEB3255130B40029F769 /* Resources */,
				F061EEB8255130B40029F769 /* Sources */,
				F061EEC0255130B40029F769 /* Frameworks */,
				F061EEC5255130B40029F769 /* Rez */,
				F061EEC7255130B40029F769 /* CopyFiles */,
			);
			buildRules = (
			);
			dependencies = (
			);
			name = WBGaussBlur;
			productName = Skeleton.plugin;
			productReference = F061EECA255130B40029F769 /* WBGaussBlur.plugin */;
			productType = "com.apple.product-type.bundle";
		};
		F072398025412C8200ED690F /* WBinauguration */ = {
			isa = PBXNativeTarget;
			buildConfigurationList = F072399525412C8200ED690F /* Build configuration list for PBXNativeTarget "WBinauguration" */;
			buildPhases = (
				F072398125412C8200ED690F /* Resources */,
				F072398525412C8200ED690F /* Sources */,
				F072398D25412C8200ED690F /* Frameworks */,
				F072399225412C8200ED690F /* Rez */,
				F072399425412C8200ED690F /* CopyFiles */,
			);
			buildRules = (
			);
			dependencies = (
			);
			name = WBinauguration;
			productName = Skeleton.plugin;
			productReference = F072399725412C8200ED690F /* WBinauguration.plugin */;
			productType = "com.apple.product-type.bundle";
		};
		F07F2002254A6938000C30C6 /* WBRadialBlur */ = {
			isa = PBXNativeTarget;
			buildConfigurationList = F07F2023254A6938000C30C6 /* Build configuration list for PBXNativeTarget "WBRadialBlur" */;
			buildPhases = (
				F07F2003254A6938000C30C6 /* Resources */,
				F07F2008254A6938000C30C6 /* Sources */,
				F07F201B254A6938000C30C6 /* Frameworks */,
				F07F2020254A6938000C30C6 /* Rez */,
				F07F2022254A6938000C30C6 /* CopyFiles */,
			);
			buildRules = (
			);
			dependencies = (
			);
			name = WBRadialBlur;
			productName = Skeleton.plugin;
			productReference = F07F2025254A6938000C30C6 /* WBRadialBlur.plugin */;
			productType = "com.apple.product-type.bundle";
		};
		F0D4AB9F25319D62005D80FB /* wanhuatong */ = {
			isa = PBXNativeTarget;
			buildConfigurationList = F0D4ABB425319D62005D80FB /* Build configuration list for PBXNativeTarget "wanhuatong" */;
			buildPhases = (
				F0D4ABA025319D62005D80FB /* Resources */,
				F0D4ABA125319D62005D80FB /* Sources */,
				F0D4ABA925319D62005D80FB /* Frameworks */,
				F0D4ABAE25319D62005D80FB /* Rez */,
				F0D4ABB025319D62005D80FB /* CopyFiles */,
			);
			buildRules = (
			);
			dependencies = (
			);
			name = wanhuatong;
			productName = Skeleton.plugin;
			productReference = F0D4ABB625319D62005D80FB /* wanhuatong.plugin */;
			productType = "com.apple.product-type.bundle";
		};
/* End PBXNativeTarget section */

/* Begin PBXProject section */
		C4E6187E095A3C800012CA3F /* Project object */ = {
			isa = PBXProject;
			attributes = {
				LastUpgradeCheck = 0730;
				TargetAttributes = {
					5E4BF9B32550126C00467A87 = {
						DevelopmentTeam = 3Y4TJ733T7;
                    };
					F061EE5C254C18750029F769 = {
						DevelopmentTeam = 25N8K67YQF;
					};
					F061EEB2255130B40029F769 = {
						DevelopmentTeam = 25N8K67YQF;
					};
					F072398025412C8200ED690F = {
						DevelopmentTeam = 25N8K67YQF;
					};
					F07F2002254A6938000C30C6 = {
						DevelopmentTeam = 25N8K67YQF;
					};
					F0D4AB9F25319D62005D80FB = {
						DevelopmentTeam = 3Y4TJ733T7;
					};
				};
			};
			buildConfigurationList = C4E6187F095A3C800012CA3F /* Build configuration list for PBXProject "GLator" */;
			compatibilityVersion = "Xcode 3.2";
			developmentRegion = English;
			hasScannedForEncodings = 0;
			knownRegions = (
				English,
				Japanese,
				French,
				German,
			);
			mainGroup = C4E6187C095A3C800012CA3F;
			productRefGroup = C4E6188C095A3C800012CA3F /* Products */;
			projectDirPath = "";
			projectReferences = (
				{
					ProductGroup = D7B73A4D1B6C20AC00BCC010 /* Products */;
					ProjectRef = D7B73A4C1B6C20AC00BCC010 /* glbinding.xcodeproj */;
				},
			);
			projectRoot = "";
			targets = (
				F0D4AB9F25319D62005D80FB /* wanhuatong */,
				F072398025412C8200ED690F /* WBinauguration */,
				F07F2002254A6938000C30C6 /* WBRadialBlur */,
				5E4BF9B32550126C00467A87 /* WBMosaic */,
				F061EE5C254C18750029F769 /* WBDirectionalBlur */,
				F061EEB2255130B40029F769 /* WBGaussBlur */,
			);
		};
/* End PBXProject section */

/* Begin PBXReferenceProxy section */
		D7B73A511B6C20AD00BCC010 /* libglbinding.a */ = {
			isa = PBXReferenceProxy;
			fileType = archive.ar;
			path = libglbinding.a;
			remoteRef = D7B73A501B6C20AD00BCC010 /* PBXContainerItemProxy */;
			sourceTree = BUILT_PRODUCTS_DIR;
		};
/* End PBXReferenceProxy section */

/* Begin PBXResourcesBuildPhase section */
		5E4BF9B42550126C00467A87 /* Resources */ = {
			isa = PBXResourcesBuildPhase;
			buildActionMask = 2147483647;
			files = (
				5E4BF9E2255012E500467A87 /* fragment_shader2.frag in Resources */,
				5E4BF9E3255012E500467A87 /* fragment_shader.frag in Resources */,
				5E4BF9E1255012E500467A87 /* vertex_shader.vert in Resources */,
				5E4BF9E62550155B00467A87 /* WBMosaic.plugin-Info.plist in Resources */,
                );
            runOnlyForDeploymentPostprocessing = 0;
        };
		F061EE5D254C18750029F769 /* Resources */ = {
			isa = PBXResourcesBuildPhase;
			buildActionMask = 2147483647;
			files = (
				F061EE9A254C26360029F769 /* fragment_shader.frag in Resources */,
				F061EE99254C26360029F769 /* fragment_shader2.frag in Resources */,
				F061EE96254C26360029F769 /* WBDirectionalBlur.plugin-Info.plist in Resources */,
				F061EE98254C26360029F769 /* vertex_shader.vert in Resources */,
			);
			runOnlyForDeploymentPostprocessing = 0;
		};
		F061EEB3255130B40029F769 /* Resources */ = {
			isa = PBXResourcesBuildPhase;
			buildActionMask = 2147483647;
			files = (
				F061EEF2255138490029F769 /* vertex_shader.vert in Resources */,
				F061EEF3255138490029F769 /* fragment_shader2.frag in Resources */,
				F061EEF5255138490029F769 /* WBGaussBlur.plugin-Info.plist in Resources */,
				F061EEF4255138490029F769 /* fragment_shader.frag in Resources */,
			);
			runOnlyForDeploymentPostprocessing = 0;
		};
		F072398125412C8200ED690F /* Resources */ = {
			isa = PBXResourcesBuildPhase;
			buildActionMask = 2147483647;
			files = (
				F0723A112541385B00ED690F /* vertex_shader.vert in Resources */,
				F0723A122541385B00ED690F /* fragment_shader2.frag in Resources */,
				F0723A132541385B00ED690F /* fragment_shader.frag in Resources */,
				F07239CD25412DC300ED690F /* WBinauguration.plugin-Info.plist in Resources */,
			);
			runOnlyForDeploymentPostprocessing = 0;
		};
		F07F2003254A6938000C30C6 /* Resources */ = {
			isa = PBXResourcesBuildPhase;
			buildActionMask = 2147483647;
			files = (
				F07F2043254A6A27000C30C6 /* vertex_shader.vert in Resources */,
				F07F2047254A6A28000C30C6 /* fragment_shader2.frag in Resources */,
				F07F204F254A6A2D000C30C6 /* WBRadialBlur.plugin-Info.plist in Resources */,
				F07F204B254A6A29000C30C6 /* fragment_shader.frag in Resources */,
			);
			runOnlyForDeploymentPostprocessing = 0;
		};
		F0D4ABA025319D62005D80FB /* Resources */ = {
			isa = PBXResourcesBuildPhase;
			buildActionMask = 2147483647;
			files = (
				F07239B425412D6F00ED690F /* wanhuatong.plugin-Info.plist in Resources */,
				F07239AF25412D6F00ED690F /* vertex_shader.vert in Resources */,
				F07239B025412D6F00ED690F /* fragment_shader2.frag in Resources */,
				F07239B125412D6F00ED690F /* fragment_shader.frag in Resources */,
			);
			runOnlyForDeploymentPostprocessing = 0;
		};
/* End PBXResourcesBuildPhase section */

/* Begin PBXRezBuildPhase section */
		5E4BF9C62550126C00467A87 /* Rez */ = {
			isa = PBXRezBuildPhase;
			buildActionMask = 2147483647;
			files = (
				5E4BF9E82550158700467A87 /* WBMosaicPiPL.r in Rez */,
                );
            runOnlyForDeploymentPostprocessing = 0;
        };
		F061EE6F254C18750029F769 /* Rez */ = {
			isa = PBXRezBuildPhase;
			buildActionMask = 2147483647;
			files = (
				F061EE9B254C26360029F769 /* WBDirectionalBlurPiPL.r in Rez */,
			);
			runOnlyForDeploymentPostprocessing = 0;
		};
		F061EEC5255130B40029F769 /* Rez */ = {
			isa = PBXRezBuildPhase;
			buildActionMask = 2147483647;
			files = (
				F061EEF0255138490029F769 /* WBGaussBlurPiPL.r in Rez */,
			);
			runOnlyForDeploymentPostprocessing = 0;
		};
		F072399225412C8200ED690F /* Rez */ = {
			isa = PBXRezBuildPhase;
			buildActionMask = 2147483647;
			files = (
				F07239E22541337C00ED690F /* WBinaugurationPiPL.r in Rez */,
			);
			runOnlyForDeploymentPostprocessing = 0;
		};
		F07F2020254A6938000C30C6 /* Rez */ = {
			isa = PBXRezBuildPhase;
			buildActionMask = 2147483647;
			files = (
				F07F2056254A6A4E000C30C6 /* WBRadialBlurPiPL.r in Rez */,
			);
			runOnlyForDeploymentPostprocessing = 0;
		};
		F0D4ABAE25319D62005D80FB /* Rez */ = {
			isa = PBXRezBuildPhase;
			buildActionMask = 2147483647;
			files = (
				F07239B225412D6F00ED690F /* wanhuatongPiPL.r in Rez */,
			);
			runOnlyForDeploymentPostprocessing = 0;
		};
/* End PBXRezBuildPhase section */

/* Begin PBXSourcesBuildPhase section */
		5E4BF9B92550126C00467A87 /* Sources */ = {
			isa = PBXSourcesBuildPhase;
			buildActionMask = 2147483647;
			files = (
				5E4BF9E4255012E500467A87 /* GLator_Strings.cpp in Sources */,
				5E4BF9DE255012E500467A87 /* GLator.cpp in Sources */,
				5E4BF9DD255012E500467A87 /* GL_base.cpp in Sources */,
				5E4BF9BD2550126C00467A87 /* AEGP_SuiteHandler.cpp in Sources */,
				5E4BF9BE2550126C00467A87 /* MissingSuiteError.cpp in Sources */,
				5E4BF9BF2550126C00467A87 /* AEFX_SuiteHelper.c in Sources */,
				5E4BF9C02550126C00467A87 /* Smart_Utils.cpp in Sources */,
                );
            runOnlyForDeploymentPostprocessing = 0;
        };
		F061EE62254C18750029F769 /* Sources */ = {
			isa = PBXSourcesBuildPhase;
			buildActionMask = 2147483647;
			files = (
				F061EEA1254C26470029F769 /* AEGP_SuiteHandler.cpp in Sources */,
				F061EEA2254C26470029F769 /* MissingSuiteError.cpp in Sources */,
				F061EEA3254C26470029F769 /* AEFX_SuiteHelper.c in Sources */,
				F061EEA4254C26470029F769 /* Smart_Utils.cpp in Sources */,
				F061EE9C254C26360029F769 /* GLator_Strings.cpp in Sources */,
				F061EE97254C26360029F769 /* GLator.cpp in Sources */,
				F061EE95254C26360029F769 /* GL_base.cpp in Sources */,
			);
			runOnlyForDeploymentPostprocessing = 0;
		};
		F061EEB8255130B40029F769 /* Sources */ = {
			isa = PBXSourcesBuildPhase;
			buildActionMask = 2147483647;
			files = (
				F061EEB9255130B40029F769 /* AEGP_SuiteHandler.cpp in Sources */,
				F061EEBA255130B40029F769 /* MissingSuiteError.cpp in Sources */,
				F061EEEF255138490029F769 /* GL_base.cpp in Sources */,
				F061EEBB255130B40029F769 /* AEFX_SuiteHelper.c in Sources */,
				F061EEF1255138490029F769 /* GLator.cpp in Sources */,
				F061EEBC255130B40029F769 /* Smart_Utils.cpp in Sources */,
				F061EEF6255138490029F769 /* GLator_Strings.cpp in Sources */,
			);
			runOnlyForDeploymentPostprocessing = 0;
		};
		F072398525412C8200ED690F /* Sources */ = {
			isa = PBXSourcesBuildPhase;
			buildActionMask = 2147483647;
			files = (
				F0723A272541390B00ED690F /* GLator_pch.h in Sources */,
				F0723A282541390B00ED690F /* AE_Effect.h in Sources */,
				F0723A292541390B00ED690F /* AE_PluginData.h in Sources */,
				F0723A2A2541390B00ED690F /* AEGP_SuiteHandler.cpp in Sources */,
				F0723A2B2541390B00ED690F /* AEGP_SuiteHandler.h in Sources */,
				F0723A2C2541390C00ED690F /* MissingSuiteError.cpp in Sources */,
				F0723A2D2541390C00ED690F /* AEFX_SuiteHelper.c in Sources */,
				F0723A2E2541390C00ED690F /* AEFX_SuiteHelper.h in Sources */,
				F0723A2F2541390C00ED690F /* Smart_Utils.cpp in Sources */,
				F0723A302541390C00ED690F /* Smart_Utils.h in Sources */,
				F0723A182541390300ED690F /* vmath.hpp in Sources */,
				F0723A192541390300ED690F /* GL_base.h in Sources */,
				F0723A1A2541390300ED690F /* GL_base.cpp in Sources */,
				F0723A1B2541390300ED690F /* GLator.cpp in Sources */,
				F0723A1D2541390300ED690F /* GLator.h in Sources */,
				F0723A212541390300ED690F /* GLator_Strings.h in Sources */,
				F0723A232541390400ED690F /* GLator_Strings.cpp in Sources */,
			);
			runOnlyForDeploymentPostprocessing = 0;
		};
		F07F2008254A6938000C30C6 /* Sources */ = {
			isa = PBXSourcesBuildPhase;
			buildActionMask = 2147483647;
			files = (
				F07F202D254A69FC000C30C6 /* GL_base.cpp in Sources */,
				F07F202E254A69FC000C30C6 /* GLator.cpp in Sources */,
				F07F202F254A69FC000C30C6 /* GLator_Strings.cpp in Sources */,
				F07F2030254A69FC000C30C6 /* AEGP_SuiteHandler.cpp in Sources */,
				F07F2031254A69FC000C30C6 /* MissingSuiteError.cpp in Sources */,
				F07F2032254A69FC000C30C6 /* AEFX_SuiteHelper.c in Sources */,
				F07F2033254A69FC000C30C6 /* Smart_Utils.cpp in Sources */,
			);
			runOnlyForDeploymentPostprocessing = 0;
		};
		F0D4ABA125319D62005D80FB /* Sources */ = {
			isa = PBXSourcesBuildPhase;
			buildActionMask = 2147483647;
			files = (
				F0D4ABA225319D62005D80FB /* AEFX_SuiteHelper.c in Sources */,
				F0D4ABA325319D62005D80FB /* AEGP_SuiteHandler.cpp in Sources */,
				F07239AD25412D6F00ED690F /* GL_base.cpp in Sources */,
				F0D4ABA425319D62005D80FB /* MissingSuiteError.cpp in Sources */,
				F07239AE25412D6F00ED690F /* GLator.cpp in Sources */,
				F0D4ABA625319D62005D80FB /* Smart_Utils.cpp in Sources */,
				F07239B325412D6F00ED690F /* GLator_Strings.cpp in Sources */,
			);
			runOnlyForDeploymentPostprocessing = 0;
		};
/* End PBXSourcesBuildPhase section */

/* Begin XCBuildConfiguration section */
		5E4BF9CA2550126C00467A87 /* Debug */ = {
			isa = XCBuildConfiguration;
			buildSettings = {
				CODE_SIGN_IDENTITY = "Apple Development";
				COMBINE_HIDPI_IMAGES = YES;
				DEVELOPMENT_TEAM = 3Y4TJ733T7;
				FRAMEWORK_SEARCH_PATHS_QUOTED_1 = "\"$(SYSTEM_DEVELOPER_DIR)/SDKs/MacOSX10.5.sdk/System/Library/Frameworks\"";
				GCC_MODEL_TUNING = G5;
				GCC_PREPROCESSOR_DEFINITIONS = (
					_DEBUG,
					STRINGS_BY_GL,
					GLBINDING_STATIC,
				);
				GENERATE_PKGINFO_FILE = YES;
				HEADER_SEARCH_PATHS = (
					../../../Headers,
					../../../Util,
					../../../Headers/SP,
					../../../Resources,
					"../glbinding/source/glbinding/include/**",
				);
				INFOPLIST_FILE = WBMosaic.plist;
				INSTALL_PATH = "$(HOME)/Library/Bundles";
				OTHER_CODE_SIGN_FLAGS = "--deep";
				PRODUCT_BUNDLE_IDENTIFIER = com.adobe.AfterEffects.WBRadialBlur;
				PRODUCT_NAME = "$(TARGET_NAME)";
				ZERO_LINK = NO;
			};
			name = Debug;
		};
		C4E61880095A3C800012CA3F /* Debug */ = {
			isa = XCBuildConfiguration;
			buildSettings = {
				CLANG_CXX_LANGUAGE_STANDARD = "c++0x";
				CLANG_CXX_LIBRARY = "libc++";
				COPY_PHASE_STRIP = NO;
				ENABLE_TESTABILITY = YES;
				GCC_INPUT_FILETYPE = sourcecode.cpp.objcpp;
				GCC_MODEL_TUNING = "";
				GCC_OPTIMIZATION_LEVEL = 0;
				GCC_PREFIX_HEADER = "$(SYSTEM_LIBRARY_DIR)/Frameworks/Cocoa.framework/Headers/Cocoa.h";
				GCC_PREPROCESSOR_DEFINITIONS = _DEBUG;
				GCC_REUSE_STRINGS = NO;
				GCC_SYMBOLS_PRIVATE_EXTERN = YES;
				GCC_THREADSAFE_STATICS = NO;
				GCC_WARN_ABOUT_RETURN_TYPE = YES;
				GCC_WARN_CHECK_SWITCH_STATEMENTS = YES;
				GCC_WARN_EFFECTIVE_CPLUSPLUS_VIOLATIONS = NO;
				GCC_WARN_MISSING_PARENTHESES = YES;
				GCC_WARN_SHADOW = NO;
				GCC_WARN_UNKNOWN_PRAGMAS = YES;
				GCC_WARN_UNUSED_FUNCTION = YES;
				GCC_WARN_UNUSED_LABEL = YES;
				GCC_WARN_UNUSED_VARIABLE = YES;
				HEADER_SEARCH_PATHS = (
					../../../Headers,
					../../../Util,
					../../../Headers/SP,
					../../../Resources,
					"../glbinding/source/glbinding/include/**",
				);
				ONLY_ACTIVE_ARCH = YES;
				REZ_PREPROCESSOR_DEFINITIONS = __MACH__;
				SDKROOT = macosx;
				STRIP_INSTALLED_PRODUCT = NO;
				WRAPPER_EXTENSION = plugin;
			};
			name = Debug;
		};
		F061EE73254C18750029F769 /* Debug */ = {
			isa = XCBuildConfiguration;
			buildSettings = {
				CODE_SIGN_IDENTITY = "Apple Development";
				COMBINE_HIDPI_IMAGES = YES;
				DEVELOPMENT_TEAM = 25N8K67YQF;
				FRAMEWORK_SEARCH_PATHS_QUOTED_1 = "\"$(SYSTEM_DEVELOPER_DIR)/SDKs/MacOSX10.5.sdk/System/Library/Frameworks\"";
				GCC_MODEL_TUNING = G5;
				GCC_PREPROCESSOR_DEFINITIONS = (
					_DEBUG,
					STRINGS_BY_GL,
					GLBINDING_STATIC,
				);
				GENERATE_PKGINFO_FILE = YES;
				HEADER_SEARCH_PATHS = (
					../../../Headers,
					../../../Util,
					../../../Headers/SP,
					../../../Resources,
					"../glbinding/source/glbinding/include/**",
				);
				INFOPLIST_FILE = "$(PROJECT_DIR)/WBDirectionalBlur/WBDirectionalBlur.plugin-Info.plist";
				INSTALL_PATH = "$(HOME)/Library/Bundles";
				OTHER_CODE_SIGN_FLAGS = "--deep";
				PRODUCT_BUNDLE_IDENTIFIER = com.adobe.AfterEffects.WBGaussBlur;
				PRODUCT_NAME = "$(TARGET_NAME)";
				ZERO_LINK = NO;
			};
			name = Debug;
		};
		F061EEC9255130B40029F769 /* Debug */ = {
			isa = XCBuildConfiguration;
			buildSettings = {
				CODE_SIGN_IDENTITY = "Apple Development";
				COMBINE_HIDPI_IMAGES = YES;
				DEVELOPMENT_TEAM = 25N8K67YQF;
				FRAMEWORK_SEARCH_PATHS_QUOTED_1 = "\"$(SYSTEM_DEVELOPER_DIR)/SDKs/MacOSX10.5.sdk/System/Library/Frameworks\"";
				GCC_MODEL_TUNING = G5;
				GCC_PREPROCESSOR_DEFINITIONS = (
					_DEBUG,
					STRINGS_BY_GL,
					GLBINDING_STATIC,
				);
				GENERATE_PKGINFO_FILE = YES;
				HEADER_SEARCH_PATHS = (
					../../../Headers,
					../../../Util,
					../../../Headers/SP,
					../../../Resources,
					"../glbinding/source/glbinding/include/**",
				);
				INFOPLIST_FILE = "$(PROJECT_DIR)/WBGaussBlur/WBGaussBlur.plugin-Info.plist";
				INSTALL_PATH = "$(HOME)/Library/Bundles";
				OTHER_CODE_SIGN_FLAGS = "--deep";
				PRODUCT_BUNDLE_IDENTIFIER = com.adobe.AfterEffects.WBGaussBlur;
				PRODUCT_NAME = "$(TARGET_NAME)";
				ZERO_LINK = NO;
			};
			name = Debug;
		};
		F072399625412C8200ED690F /* Debug */ = {
			isa = XCBuildConfiguration;
			buildSettings = {
				CODE_SIGN_IDENTITY = "Apple Development";
				COMBINE_HIDPI_IMAGES = YES;
				DEVELOPMENT_TEAM = 25N8K67YQF;
				FRAMEWORK_SEARCH_PATHS_QUOTED_1 = "\"$(SYSTEM_DEVELOPER_DIR)/SDKs/MacOSX10.5.sdk/System/Library/Frameworks\"";
				GCC_MODEL_TUNING = G5;
				GCC_PREPROCESSOR_DEFINITIONS = (
					_DEBUG,
					STRINGS_BY_GL,
					GLBINDING_STATIC,
				);
				GENERATE_PKGINFO_FILE = YES;
				HEADER_SEARCH_PATHS = (
					../../../Headers,
					../../../Util,
					../../../Headers/SP,
					../../../Resources,
					"../glbinding/source/glbinding/include/**",
				);
				INFOPLIST_FILE = "/Users/wangjingxin/AEWBPlugin/Examples/Effect/GLator/Mac/WBinauguration/WBinauguration.plugin-Info.plist";
				INSTALL_PATH = "$(HOME)/Library/Bundles";
				OTHER_CODE_SIGN_FLAGS = "--deep";
				PRODUCT_BUNDLE_IDENTIFIER = com.adobe.AfterEffects.WBinauguration;
				PRODUCT_NAME = "$(TARGET_NAME)";
				ZERO_LINK = NO;
			};
			name = Debug;
		};
		F07F2024254A6938000C30C6 /* Debug */ = {
			isa = XCBuildConfiguration;
			buildSettings = {
				CODE_SIGN_IDENTITY = "Apple Development";
				COMBINE_HIDPI_IMAGES = YES;
				DEVELOPMENT_TEAM = 25N8K67YQF;
				FRAMEWORK_SEARCH_PATHS_QUOTED_1 = "\"$(SYSTEM_DEVELOPER_DIR)/SDKs/MacOSX10.5.sdk/System/Library/Frameworks\"";
				GCC_MODEL_TUNING = G5;
				GCC_PREPROCESSOR_DEFINITIONS = (
					_DEBUG,
					STRINGS_BY_GL,
					GLBINDING_STATIC,
				);
				GENERATE_PKGINFO_FILE = YES;
				HEADER_SEARCH_PATHS = (
					../../../Headers,
					../../../Util,
					../../../Headers/SP,
					../../../Resources,
					"../glbinding/source/glbinding/include/**",
				);
				INFOPLIST_FILE = "$(PROJECT_DIR)/WBRadialBlur/WBRadialBlur.plugin-Info.plist";
				INSTALL_PATH = "$(HOME)/Library/Bundles";
				OTHER_CODE_SIGN_FLAGS = "--deep";
				PRODUCT_BUNDLE_IDENTIFIER = com.adobe.AfterEffects.WBRadialBlur;
				PRODUCT_NAME = "$(TARGET_NAME)";
				ZERO_LINK = NO;
			};
			name = Debug;
		};
		F0D4ABB525319D62005D80FB /* Debug */ = {
			isa = XCBuildConfiguration;
			buildSettings = {
				COMBINE_HIDPI_IMAGES = YES;
				DEVELOPMENT_TEAM = 3Y4TJ733T7;
				FRAMEWORK_SEARCH_PATHS_QUOTED_1 = "\"$(SYSTEM_DEVELOPER_DIR)/SDKs/MacOSX10.5.sdk/System/Library/Frameworks\"";
				GCC_MODEL_TUNING = G5;
				GCC_PREPROCESSOR_DEFINITIONS = (
					_DEBUG,
					STRINGS_BY_GL,
					GLBINDING_STATIC,
				);
				GENERATE_PKGINFO_FILE = YES;
				HEADER_SEARCH_PATHS = (
					../../../Headers,
					../../../Util,
					../../../Headers/SP,
					../../../Resources,
					"../glbinding/source/glbinding/include/**",
				);
				INFOPLIST_FILE = "$(PROJECT_DIR)/wanhuatong/wanhuatong.plugin-Info.plist";
				INSTALL_PATH = "$(HOME)/Library/Bundles";
				OTHER_CODE_SIGN_FLAGS = "--deep";
				PRODUCT_BUNDLE_IDENTIFIER = com.adobe.AfterEffects.wanhuatong;
				PRODUCT_NAME = "$(TARGET_NAME)";
				ZERO_LINK = NO;
			};
			name = Debug;
		};
/* End XCBuildConfiguration section */

/* Begin XCConfigurationList section */
		5E4BF9C92550126C00467A87 /* Build configuration list for PBXNativeTarget "WBMosaic" */ = {
			isa = XCConfigurationList;
			buildConfigurations = (
				5E4BF9CA2550126C00467A87 /* Debug */,
			);
			defaultConfigurationIsVisible = 0;
			defaultConfigurationName = Debug;
		};
		C4E6187F095A3C800012CA3F /* Build configuration list for PBXProject "GLator" */ = {
			isa = XCConfigurationList;
			buildConfigurations = (
				C4E61880095A3C800012CA3F /* Debug */,
			);
			defaultConfigurationIsVisible = 1;
			defaultConfigurationName = Debug;
		};
		F061EE72254C18750029F769 /* Build configuration list for PBXNativeTarget "WBDirectionalBlur" */ = {
			isa = XCConfigurationList;
			buildConfigurations = (
				F061EE73254C18750029F769 /* Debug */,
			);
			defaultConfigurationIsVisible = 0;
			defaultConfigurationName = Debug;
		};
		F061EEC8255130B40029F769 /* Build configuration list for PBXNativeTarget "WBGaussBlur" */ = {
			isa = XCConfigurationList;
			buildConfigurations = (
				F061EEC9255130B40029F769 /* Debug */,
			);
			defaultConfigurationIsVisible = 0;
			defaultConfigurationName = Debug;
		};
		F072399525412C8200ED690F /* Build configuration list for PBXNativeTarget "WBinauguration" */ = {
			isa = XCConfigurationList;
			buildConfigurations = (
				F072399625412C8200ED690F /* Debug */,
			);
			defaultConfigurationIsVisible = 0;
			defaultConfigurationName = Debug;
		};
		F07F2023254A6938000C30C6 /* Build configuration list for PBXNativeTarget "WBRadialBlur" */ = {
			isa = XCConfigurationList;
			buildConfigurations = (
				F07F2024254A6938000C30C6 /* Debug */,
			);
			defaultConfigurationIsVisible = 0;
			defaultConfigurationName = Debug;
		};
		F0D4ABB425319D62005D80FB /* Build configuration list for PBXNativeTarget "wanhuatong" */ = {
			isa = XCConfigurationList;
			buildConfigurations = (
				F0D4ABB525319D62005D80FB /* Debug */,
			);
			defaultConfigurationIsVisible = 0;
			defaultConfigurationName = Debug;
		};
/* End XCConfigurationList section */
	};
	rootObject = C4E6187E095A3C800012CA3F /* Project object */;
}
